
Microsoft Visual Studio Solution File, Format Version 12.00
# Visual Studio Version 16
VisualStudioVersion = 16.0.30804.86
MinimumVisualStudioVersion = 10.0.40219.1
Project("{FAE04EC0-301F-11D3-BF4B-00C04F79EFBC}") = "Knapsack_Dynamic_optimization", "Knapsack_Dynamic_optimization\Knapsack_Dynamic_optimization.csproj", "{E94309E5-0FA7-4CCC-9B7E-549938C92142}"
EndProject
Global
	GlobalSection(SolutionConfigurationPlatforms) = preSolution
		Debug|Any CPU = Debug|Any CPU
		Release|Any CPU = Release|Any CPU
	EndGlobalSection
	GlobalSection(ProjectConfigurationPlatforms) = postSolution
		{E94309E5-0FA7-4CCC-9B7E-549938C92142}.Debug|Any CPU.ActiveCfg = Debug|Any CPU
		{E94309E5-0FA7-4CCC-9B7E-549938C92142}.Debug|Any CPU.Build.0 = Debug|Any CPU
		{E94309E5-0FA7-4CCC-9B7E-549938C92142}.Release|Any CPU.ActiveCfg = Release|Any CPU
		{E94309E5-0FA7-4CCC-9B7E-549938C92142}.Release|Any CPU.Build.0 = Release|Any CPU
	EndGlobalSection
	GlobalSection(SolutionProperties) = preSolution
		HideSolutionNode = FALSE
	EndGlobalSection
	GlobalSection(ExtensibilityGlobals) = postSolution
		SolutionGuid = {E48D0722-63D6-4383-84C4-2F331F633A03}
	EndGlobalSection
EndGlobal
