
Microsoft Visual Studio Solution File, Format Version 12.00
# Visual Studio Version 16
VisualStudioVersion = 16.0.30804.86
MinimumVisualStudioVersion = 10.0.40219.1
Project("{FAE04EC0-301F-11D3-BF4B-00C04F79EFBC}") = "MoveDown_RightSum_Dynamic", "MoveDown_RightSum_Dynamic\MoveDown_RightSum_Dynamic.csproj", "{5B9CC26A-80C8-42A3-93FE-2E99AEDB0362}"
EndProject
Global
	GlobalSection(SolutionConfigurationPlatforms) = preSolution
		Debug|Any CPU = Debug|Any CPU
		Release|Any CPU = Release|Any CPU
	EndGlobalSection
	GlobalSection(ProjectConfigurationPlatforms) = postSolution
		{5B9CC26A-80C8-42A3-93FE-2E99AEDB0362}.Debug|Any CPU.ActiveCfg = Debug|Any CPU
		{5B9CC26A-80C8-42A3-93FE-2E99AEDB0362}.Debug|Any CPU.Build.0 = Debug|Any CPU
		{5B9CC26A-80C8-42A3-93FE-2E99AEDB0362}.Release|Any CPU.ActiveCfg = Release|Any CPU
		{5B9CC26A-80C8-42A3-93FE-2E99AEDB0362}.Release|Any CPU.Build.0 = Release|Any CPU
	EndGlobalSection
	GlobalSection(SolutionProperties) = preSolution
		HideSolutionNode = FALSE
	EndGlobalSection
	GlobalSection(ExtensibilityGlobals) = postSolution
		SolutionGuid = {8082D93A-BD16-4623-921E-0D3635A8F376}
	EndGlobalSection
EndGlobal
